
Microsoft Visual Studio Solution File, Format Version 12.00
# Visual Studio 15
VisualStudioVersion = 15.0.28307.271
MinimumVisualStudioVersion = 10.0.40219.1
Project("{FAE04EC0-301F-11D3-BF4B-00C04F79EFBC}") = "Clase2", "Clase2\Clase2.csproj", "{7CEC3DD7-8470-4214-9FB6-3BD6CC4FC455}"
EndProject
Project("{FAE04EC0-301F-11D3-BF4B-00C04F79EFBC}") = "Ecuacion", "Ecuacion\Ecuacion.csproj", "{35B10EF1-D059-4879-A087-2D9335E2CB45}"
EndProject
Project("{FAE04EC0-301F-11D3-BF4B-00C04F79EFBC}") = "clases", "clases\clases.csproj", "{434DDB42-74D7-4468-BDA6-EF8E8A23E8F8}"
EndProject
Global
	GlobalSection(SolutionConfigurationPlatforms) = preSolution
		Debug|Any CPU = Debug|Any CPU
		Release|Any CPU = Release|Any CPU
	EndGlobalSection
	GlobalSection(ProjectConfigurationPlatforms) = postSolution
		{7CEC3DD7-8470-4214-9FB6-3BD6CC4FC455}.Debug|Any CPU.ActiveCfg = Debug|Any CPU
		{7CEC3DD7-8470-4214-9FB6-3BD6CC4FC455}.Debug|Any CPU.Build.0 = Debug|Any CPU
		{7CEC3DD7-8470-4214-9FB6-3BD6CC4FC455}.Release|Any CPU.ActiveCfg = Release|Any CPU
		{7CEC3DD7-8470-4214-9FB6-3BD6CC4FC455}.Release|Any CPU.Build.0 = Release|Any CPU
		{35B10EF1-D059-4879-A087-2D9335E2CB45}.Debug|Any CPU.ActiveCfg = Debug|Any CPU
		{35B10EF1-D059-4879-A087-2D9335E2CB45}.Debug|Any CPU.Build.0 = Debug|Any CPU
		{35B10EF1-D059-4879-A087-2D9335E2CB45}.Release|Any CPU.ActiveCfg = Release|Any CPU
		{35B10EF1-D059-4879-A087-2D9335E2CB45}.Release|Any CPU.Build.0 = Release|Any CPU
		{434DDB42-74D7-4468-BDA6-EF8E8A23E8F8}.Debug|Any CPU.ActiveCfg = Debug|Any CPU
		{434DDB42-74D7-4468-BDA6-EF8E8A23E8F8}.Debug|Any CPU.Build.0 = Debug|Any CPU
		{434DDB42-74D7-4468-BDA6-EF8E8A23E8F8}.Release|Any CPU.ActiveCfg = Release|Any CPU
		{434DDB42-74D7-4468-BDA6-EF8E8A23E8F8}.Release|Any CPU.Build.0 = Release|Any CPU
	EndGlobalSection
	GlobalSection(SolutionProperties) = preSolution
		HideSolutionNode = FALSE
	EndGlobalSection
	GlobalSection(ExtensibilityGlobals) = postSolution
		SolutionGuid = {D7C1FFAE-4B79-4F20-B0AE-3E6A6F5A1BB3}
	EndGlobalSection
EndGlobal
